# This is a Gradle generated file for dependency locking.
# Manual edits can break the build and are not advised.
# This file is expected to be part of source control.
org.apache.commons:commons-lang3:3.12.0=pitest
org.apache.commons:commons-text:1.10.0=pitest
org.apiguardian:apiguardian-api:1.1.2=testCompileClasspath
org.hamcrest:hamcrest-core:2.2=testCompileClasspath,testRuntimeClasspath,tmpTestImplementation
org.hamcrest:hamcrest-library:2.2=testCompileClasspath,testRuntimeClasspath,tmpTestImplementation
org.hamcrest:hamcrest:2.2=testCompileClasspath,testRuntimeClasspath,tmpTestImplementation
org.jacoco:org.jacoco.agent:0.8.11=jacocoAgent,jacocoAnt
org.jacoco:org.jacoco.ant:0.8.11=jacocoAnt
org.jacoco:org.jacoco.core:0.8.11=jacocoAnt
org.jacoco:org.jacoco.report:0.8.11=jacocoAnt
org.junit.jupiter:junit-jupiter-api:5.10.2=testCompileClasspath,testRuntimeClasspath,tmpTestImplementation
org.junit.jupiter:junit-jupiter-engine:5.10.2=testRuntimeClasspath
org.junit.platform:junit-platform-commons:1.10.2=testCompileClasspath,testRuntimeClasspath,tmpTestImplementation
org.junit.platform:junit-platform-commons:1.9.2=pitest
org.junit.platform:junit-platform-engine:1.10.2=testRuntimeClasspath
org.junit.platform:junit-platform-engine:1.9.2=pitest
org.junit.platform:junit-platform-launcher:1.10.2=testRuntimeClasspath
org.junit.platform:junit-platform-launcher:1.9.2=pitest
org.junit:junit-bom:5.10.2=testCompileClasspath,testRuntimeClasspath,tmpTestImplementation
org.junit:junit-bom:5.9.2=pitest
org.opentest4j:opentest4j:1.2.0=pitest
org.opentest4j:opentest4j:1.3.0=testCompileClasspath,testRuntimeClasspath,tmpTestImplementation
org.ow2.asm:asm-commons:9.6=jacocoAnt
org.ow2.asm:asm-tree:9.6=jacocoAnt
org.ow2.asm:asm:9.6=jacocoAnt
org.pitest:pitest-command-line:1.15.0=pitest
org.pitest:pitest-entry:1.15.0=pitest
org.pitest:pitest-junit5-plugin:1.2.1=pitest
org.pitest:pitest:1.15.0=pitest
empty=annotationProcessor,compileClasspath,runtimeClasspath,testAnnotationProcessor
